
Microsoft Visual Studio Solution File, Format Version 12.00
# Visual Studio 14
VisualStudioVersion = 14.0.25420.1
MinimumVisualStudioVersion = 10.0.40219.1
Project("{FAE04EC0-301F-11D3-BF4B-00C04F79EFBC}") = "SportsStore.WebUI", "SportsStore.WebUI\SportsStore.WebUI.csproj", "{FBA10A43-C51F-4A22-9DD8-36A6DE275144}"
EndProject
Project("{FAE04EC0-301F-11D3-BF4B-00C04F79EFBC}") = "SportsStore.UnitTests", "SportsStore.UnitTests\SportsStore.UnitTests.csproj", "{CEF264ED-80C1-4B3F-91C3-666EB8AFE763}"
EndProject
Project("{FAE04EC0-301F-11D3-BF4B-00C04F79EFBC}") = "SportsStore.Domain", "SportsStore.Domain\SportsStore.Domain.csproj", "{4E49F692-BC7D-47F7-B14A-B15377A90A99}"
EndProject
Global
	GlobalSection(SolutionConfigurationPlatforms) = preSolution
		Debug|Any CPU = Debug|Any CPU
		Release|Any CPU = Release|Any CPU
	EndGlobalSection
	GlobalSection(ProjectConfigurationPlatforms) = postSolution
		{FBA10A43-C51F-4A22-9DD8-36A6DE275144}.Debug|Any CPU.ActiveCfg = Debug|Any CPU
		{FBA10A43-C51F-4A22-9DD8-36A6DE275144}.Debug|Any CPU.Build.0 = Debug|Any CPU
		{FBA10A43-C51F-4A22-9DD8-36A6DE275144}.Release|Any CPU.ActiveCfg = Release|Any CPU
		{FBA10A43-C51F-4A22-9DD8-36A6DE275144}.Release|Any CPU.Build.0 = Release|Any CPU
		{CEF264ED-80C1-4B3F-91C3-666EB8AFE763}.Debug|Any CPU.ActiveCfg = Debug|Any CPU
		{CEF264ED-80C1-4B3F-91C3-666EB8AFE763}.Debug|Any CPU.Build.0 = Debug|Any CPU
		{CEF264ED-80C1-4B3F-91C3-666EB8AFE763}.Release|Any CPU.ActiveCfg = Release|Any CPU
		{CEF264ED-80C1-4B3F-91C3-666EB8AFE763}.Release|Any CPU.Build.0 = Release|Any CPU
		{4E49F692-BC7D-47F7-B14A-B15377A90A99}.Debug|Any CPU.ActiveCfg = Debug|Any CPU
		{4E49F692-BC7D-47F7-B14A-B15377A90A99}.Debug|Any CPU.Build.0 = Debug|Any CPU
		{4E49F692-BC7D-47F7-B14A-B15377A90A99}.Release|Any CPU.ActiveCfg = Release|Any CPU
		{4E49F692-BC7D-47F7-B14A-B15377A90A99}.Release|Any CPU.Build.0 = Release|Any CPU
	EndGlobalSection
	GlobalSection(SolutionProperties) = preSolution
		HideSolutionNode = FALSE
	EndGlobalSection
EndGlobal
